<?xml version="1.0" encoding="UTF-8"?>
<Scheme
   LastUpgradeVersion = "1130"
   version = "1.7">
   <BuildAction
      parallelizeBuildables = "YES"
      buildImplicitDependencies = "YES">
      <BuildActionEntries>
         <BuildActionEntry
            buildForTesting = "YES"
            buildForRunning = "YES"
            buildForProfiling = "NO"
            buildForArchiving = "NO"
            buildForAnalyzing = "NO">
            <BuildableReference
               BuildableIdentifier = "primary"
               BlueprintIdentifier = "2D40B2DF23C24D2900359B34"
               BuildableName = "BerkananLiteUIScreenshots.xctest"
               BlueprintName = "BerkananLiteUIScreenshots"
               ReferencedContainer = "container:BerkananLite.xcodeproj">
            </BuildableReference>
         </BuildActionEntry>
      </BuildActionEntries>
   </BuildAction>
   <TestAction
      buildConfiguration = "Debug"
      selectedDebuggerIdentifier = "Xcode.DebuggerFoundation.Debugger.LLDB"
      selectedLauncherIdentifier = "Xcode.DebuggerFoundation.Launcher.LLDB"
      shouldUseLaunchSchemeArgsEnv = "YES">
      <PreActions>
         <ExecutionAction
            ActionType = "Xcode.IDEStandardExecutionActionsCore.ExecutionActionType.ShellScriptAction">
            <ActionContent
               title = "Run Script"
               scriptText = "# Type a script or drag a script file from your workspace to insert its path.&#10;# Don&#x2019;t run on iOS devices.&#10;if [[ &quot;${SDKROOT}&quot; != *&quot;simulator&quot;* ]]; then&#10;    exit 0&#10;fi&#10;&#10;xcrun simctl boot &quot;${TARGET_DEVICE_IDENTIFIER}&quot;&#10;&#10;xcrun simctl status_bar &quot;${TARGET_DEVICE_IDENTIFIER}&quot; override \&#10;    --time &quot;2020-01-22T09:41:00+02:00&quot; \&#10;    --dataNetwork wifi \&#10;    --wifiMode active \&#10;    --wifiBars 3 \&#10;    --cellularMode active \&#10;    --cellularBars 4 \&#10;    --batteryState discharging \&#10;    --batteryLevel 100&#10;">
               <EnvironmentBuildable>
                  <BuildableReference
                     BuildableIdentifier = "primary"
                     BlueprintIdentifier = "2D40B2DF23C24D2900359B34"
                     BuildableName = "BerkananLiteUIScreenshots.xctest"
                     BlueprintName = "BerkananLiteUIScreenshots"
                     ReferencedContainer = "container:BerkananLite.xcodeproj">
                  </BuildableReference>
               </EnvironmentBuildable>
            </ActionContent>
         </ExecutionAction>
      </PreActions>
      <PostActions>
         <ExecutionAction
            ActionType = "Xcode.IDEStandardExecutionActionsCore.ExecutionActionType.ShellScriptAction">
            <ActionContent
               title = "Run Script"
               scriptText = "# Type a script or drag a script file from your workspace to insert its path.&#10;if [[ &quot;${SDKROOT}&quot; != *&quot;simulator&quot;* ]]; then&#10;    exit 0&#10;fi&#10;&#10;xcrun simctl boot &quot;${TARGET_DEVICE_IDENTIFIER}&quot;&#10;xcrun simctl status_bar &quot;${TARGET_DEVICE_IDENTIFIER}&quot; clear&#10;">
               <EnvironmentBuildable>
                  <BuildableReference
                     BuildableIdentifier = "primary"
                     BlueprintIdentifier = "2D40B2DF23C24D2900359B34"
                     BuildableName = "BerkananLiteUIScreenshots.xctest"
                     BlueprintName = "BerkananLiteUIScreenshots"
                     ReferencedContainer = "container:BerkananLite.xcodeproj">
                  </BuildableReference>
               </EnvironmentBuildable>
            </ActionContent>
         </ExecutionAction>
      </PostActions>
      <Testables>
         <TestableReference
            skipped = "NO">
            <BuildableReference
               BuildableIdentifier = "primary"
               BlueprintIdentifier = "2D40B2DF23C24D2900359B34"
               BuildableName = "BerkananLiteUIScreenshots.xctest"
               BlueprintName = "BerkananLiteUIScreenshots"
               ReferencedContainer = "container:BerkananLite.xcodeproj">
            </BuildableReference>
         </TestableReference>
      </Testables>
   </TestAction>
   <LaunchAction
      buildConfiguration = "Debug"
      selectedDebuggerIdentifier = "Xcode.DebuggerFoundation.Debugger.LLDB"
      selectedLauncherIdentifier = "Xcode.DebuggerFoundation.Launcher.LLDB"
      launchStyle = "0"
      useCustomWorkingDirectory = "NO"
      ignoresPersistentStateOnLaunch = "NO"
      debugDocumentVersioning = "YES"
      debugServiceExtension = "internal"
      allowLocationSimulation = "YES">
   </LaunchAction>
   <ProfileAction
      buildConfiguration = "Release"
      shouldUseLaunchSchemeArgsEnv = "YES"
      savedToolIdentifier = ""
      useCustomWorkingDirectory = "NO"
      debugDocumentVersioning = "YES">
      <MacroExpansion>
         <BuildableReference
            BuildableIdentifier = "primary"
            BlueprintIdentifier = "2D40B2DF23C24D2900359B34"
            BuildableName = "BerkananLiteUIScreenshots.xctest"
            BlueprintName = "BerkananLiteUIScreenshots"
            ReferencedContainer = "container:BerkananLite.xcodeproj">
         </BuildableReference>
      </MacroExpansion>
   </ProfileAction>
   <AnalyzeAction
      buildConfiguration = "Debug">
   </AnalyzeAction>
   <ArchiveAction
      buildConfiguration = "Release"
      revealArchiveInOrganizer = "YES">
   </ArchiveAction>
</Scheme>
